
Microsoft Visual Studio Solution File, Format Version 12.00
# Visual Studio Version 17
VisualStudioVersion = 17.3.32804.467
MinimumVisualStudioVersion = 10.0.40219.1
Project("{FAE04EC0-301F-11D3-BF4B-00C04F79EFBC}") = "WFAEntity240822G", "WFAEntity240822G\WFAEntity240822G.csproj", "{80F1041F-D6CE-42F0-A9FB-B3D599F444E4}"
EndProject
Global
	GlobalSection(SolutionConfigurationPlatforms) = preSolution
		Debug|Any CPU = Debug|Any CPU
		Release|Any CPU = Release|Any CPU
	EndGlobalSection
	GlobalSection(ProjectConfigurationPlatforms) = postSolution
		{80F1041F-D6CE-42F0-A9FB-B3D599F444E4}.Debug|Any CPU.ActiveCfg = Debug|Any CPU
		{80F1041F-D6CE-42F0-A9FB-B3D599F444E4}.Debug|Any CPU.Build.0 = Debug|Any CPU
		{80F1041F-D6CE-42F0-A9FB-B3D599F444E4}.Release|Any CPU.ActiveCfg = Release|Any CPU
		{80F1041F-D6CE-42F0-A9FB-B3D599F444E4}.Release|Any CPU.Build.0 = Release|Any CPU
	EndGlobalSection
	GlobalSection(SolutionProperties) = preSolution
		HideSolutionNode = FALSE
	EndGlobalSection
	GlobalSection(ExtensibilityGlobals) = postSolution
		SolutionGuid = {B3696C85-00BA-4277-8599-9FF8A8FB7A80}
	EndGlobalSection
EndGlobal
